{
  "name": "homebridge-ui-basic-example",
  "lockfileVersion": 3,
  "requires": true,
  "packages": {
    "": {
      "name": "homebridge-ui-basic-example",
      "dependencies": {
        "@homebridge/plugin-ui-utils": "^2.2.5"
      },
      "engines": {
        "homebridge": "^1.8.0 || ^2.0.0",
        "node": "^22 || ^24"
      }
    },
    "node_modules/@homebridge/plugin-ui-utils": {
      "version": "2.2.5",
      "resolved": "https://registry.npmjs.org/@homebridge/plugin-ui-utils/-/plugin-ui-utils-2.2.5.tgz",
      "integrity": "sha512-UMF7763fCQ8HvDH/cM6u2gFoyOiEOOxdnufW2nwW6i+it0tkfOLZWvWfUZ6Oa7XsyE2qSy4Bns49dbb64WRwoA==",
      "license": "MIT"
    }
  }
}
