{
  "name": "homebridge-ui-basic-example",
  "requires": true,
  "lockfileVersion": 1,
  "dependencies": {
    "@homebridge/plugin-ui-utils": {
      "version": "0.0.10",
      "resolved": "https://registry.npmjs.org/@homebridge/plugin-ui-utils/-/plugin-ui-utils-0.0.10.tgz",
      "integrity": "sha512-kiKPnj+29EfHExor0Ysxq9R+ywlp0b+YXVZ07OtGHvBwdmCW5D8Zapej1KogyqB5l2iL7CCtXCX6cnzaXv7P2Q=="
    }
  }
}
