{
  "name": "homebridge-ui-push-events-example",
  "requires": true,
  "lockfileVersion": 1,
  "dependencies": {
    "@homebridge/plugin-ui-utils": {
      "version": "0.0.18",
      "resolved": "https://registry.npmjs.org/@homebridge/plugin-ui-utils/-/plugin-ui-utils-0.0.18.tgz",
      "integrity": "sha512-ZxiSSxMKXHtv4IUtI3oVPCQwwtRPDfCGYa+SMhj0avLM9amVoqwTqFxa4psj6VjF5RJV1cuUMNJWJa8T8R/Pbg=="
    }
  }
}
