{
  "name": "homebridge-ui-push-events-example",
  "lockfileVersion": 3,
  "requires": true,
  "packages": {
    "": {
      "name": "homebridge-ui-push-events-example",
      "dependencies": {
        "@homebridge/plugin-ui-utils": "1.0.0"
      },
      "engines": {
        "homebridge": ">=0.4.4",
        "node": ">=10.17.0"
      }
    },
    "node_modules/@homebridge/plugin-ui-utils": {
      "version": "1.0.0",
      "resolved": "https://registry.npmjs.org/@homebridge/plugin-ui-utils/-/plugin-ui-utils-1.0.0.tgz",
      "integrity": "sha512-HVZCSiBgwOx+4ItOF78rZYOWDxOskz//k2r5Wqj7+iUD7Bcpmqp+ymhEuWO8fMtz1aSiFauYpWMz2ll5CBrG9g=="
    }
  }
}
